
Microsoft Visual Studio Solution File, Format Version 12.00
# Visual Studio Version 16
VisualStudioVersion = 16.0.29509.3
MinimumVisualStudioVersion = 10.0.40219.1
Project("{FAE04EC0-301F-11D3-BF4B-00C04F79EFBC}") = "BlazorAppDom1.Server", "BlazorAppDom1\Server\BlazorAppDom1.Server.csproj", "{3E149E9D-EFD1-43FD-AF1A-D1D78A7F547F}"
EndProject
Project("{FAE04EC0-301F-11D3-BF4B-00C04F79EFBC}") = "BlazorAppDom1.Client", "BlazorAppDom1\Client\BlazorAppDom1.Client.csproj", "{BF443D48-35A7-4F99-AC99-C6D01CACB078}"
EndProject
Project("{FAE04EC0-301F-11D3-BF4B-00C04F79EFBC}") = "BlazorAppDom1.Shared", "BlazorAppDom1\Shared\BlazorAppDom1.Shared.csproj", "{C5318180-DA0B-4DD6-962A-3AE1A4C0DE30}"
EndProject
Global
	GlobalSection(SolutionConfigurationPlatforms) = preSolution
		Debug|Any CPU = Debug|Any CPU
		Release|Any CPU = Release|Any CPU
	EndGlobalSection
	GlobalSection(ProjectConfigurationPlatforms) = postSolution
		{3E149E9D-EFD1-43FD-AF1A-D1D78A7F547F}.Debug|Any CPU.ActiveCfg = Debug|Any CPU
		{3E149E9D-EFD1-43FD-AF1A-D1D78A7F547F}.Debug|Any CPU.Build.0 = Debug|Any CPU
		{3E149E9D-EFD1-43FD-AF1A-D1D78A7F547F}.Release|Any CPU.ActiveCfg = Release|Any CPU
		{3E149E9D-EFD1-43FD-AF1A-D1D78A7F547F}.Release|Any CPU.Build.0 = Release|Any CPU
		{BF443D48-35A7-4F99-AC99-C6D01CACB078}.Debug|Any CPU.ActiveCfg = Debug|Any CPU
		{BF443D48-35A7-4F99-AC99-C6D01CACB078}.Debug|Any CPU.Build.0 = Debug|Any CPU
		{BF443D48-35A7-4F99-AC99-C6D01CACB078}.Release|Any CPU.ActiveCfg = Release|Any CPU
		{BF443D48-35A7-4F99-AC99-C6D01CACB078}.Release|Any CPU.Build.0 = Release|Any CPU
		{C5318180-DA0B-4DD6-962A-3AE1A4C0DE30}.Debug|Any CPU.ActiveCfg = Debug|Any CPU
		{C5318180-DA0B-4DD6-962A-3AE1A4C0DE30}.Debug|Any CPU.Build.0 = Debug|Any CPU
		{C5318180-DA0B-4DD6-962A-3AE1A4C0DE30}.Release|Any CPU.ActiveCfg = Release|Any CPU
		{C5318180-DA0B-4DD6-962A-3AE1A4C0DE30}.Release|Any CPU.Build.0 = Release|Any CPU
	EndGlobalSection
	GlobalSection(SolutionProperties) = preSolution
		HideSolutionNode = FALSE
	EndGlobalSection
	GlobalSection(ExtensibilityGlobals) = postSolution
		SolutionGuid = {19F074DA-E9C6-4CC1-ACB1-6469AB896C56}
	EndGlobalSection
EndGlobal
